// !$*UTF8*$!
{
	archiveVersion = 1;
	classes = {
	};
	objectVersion = 46;
	objects = {

/* Begin PBXBuildFile section */
		7B03D3B91CA7201300E0468D /* main.m in Sources */ = {isa = PBXBuildFile; fileRef = 7B03D3B81CA7201300E0468D /* main.m */; };
		7B03D3BC1CA7201300E0468D /* AppDelegate.m in Sources */ = {isa = PBXBuildFile; fileRef = 7B03D3BB1CA7201300E0468D /* AppDelegate.m */; };
		7B03D3BF1CA7201300E0468D /* EmojiListVC.m in Sources */ = {isa = PBXBuildFile; fileRef = 7B03D3BE1CA7201300E0468D /* EmojiListVC.m */; };
		7B03D3C21CA7201300E0468D /* Main.storyboard in Resources */ = {isa = PBXBuildFile; fileRef = 7B03D3C01CA7201300E0468D /* Main.storyboard */; };
		7B03D3C41CA7201300E0468D /* Assets.xcassets in Resources */ = {isa = PBXBuildFile; fileRef = 7B03D3C31CA7201300E0468D /* Assets.xcassets */; };
		7B03D3C71CA7201300E0468D /* LaunchScreen.storyboard in Resources */ = {isa = PBXBuildFile; fileRef = 7B03D3C51CA7201300E0468D /* LaunchScreen.storyboard */; };
		7B03D3D41CA7552900E0468D /* OneSymbol.m in Sources */ = {isa = PBXBuildFile; fileRef = 7B03D3D31CA7552900E0468D /* OneSymbol.m */; };
		7B03D3D81CA8988400E0468D /* Fabric.framework in Frameworks */ = {isa = PBXBuildFile; fileRef = 7B03D3D61CA8988400E0468D /* Fabric.framework */; };
		7B03D3D91CA8988400E0468D /* Crashlytics.framework in Frameworks */ = {isa = PBXBuildFile; fileRef = 7B03D3D71CA8988400E0468D /* Crashlytics.framework */; };
		7B3A4CC21D8FF8B600DEA902 /* CollectionCellView.m in Sources */ = {isa = PBXBuildFile; fileRef = 7B3A4CC11D8FF8B600DEA902 /* CollectionCellView.m */; };
		7B4F87A61CACA48700DDA01F /* OneSymbol.m in Sources */ = {isa = PBXBuildFile; fileRef = 7B03D3D31CA7552900E0468D /* OneSymbol.m */; };
		7BDC65E61CAAAF88008430B7 /* SymbolCell.m in Sources */ = {isa = PBXBuildFile; fileRef = 7BDC65E51CAAAF88008430B7 /* SymbolCell.m */; };
		7BDC65EE1CAB344E008430B7 /* NotificationCenter.framework in Frameworks */ = {isa = PBXBuildFile; fileRef = 7BDC65ED1CAB344E008430B7 /* NotificationCenter.framework */; };
		7BDC65F21CAB344E008430B7 /* TodayViewController.m in Sources */ = {isa = PBXBuildFile; fileRef = 7BDC65F11CAB344E008430B7 /* TodayViewController.m */; };
		7BDC65F51CAB344E008430B7 /* MainInterface.storyboard in Resources */ = {isa = PBXBuildFile; fileRef = 7BDC65F31CAB344E008430B7 /* MainInterface.storyboard */; };
		7BDC65F91CAB344E008430B7 /* EmoWidget.appex in Embed App Extensions */ = {isa = PBXBuildFile; fileRef = 7BDC65EB1CAB344D008430B7 /* EmoWidget.appex */; settings = {ATTRIBUTES = (RemoveHeadersOnCopy, ); }; };
		7BDC66001CAC7C14008430B7 /* KEOptionsHelper.m in Sources */ = {isa = PBXBuildFile; fileRef = 7BDC65FF1CAC7C14008430B7 /* KEOptionsHelper.m */; };
		7BDC66011CAC7C14008430B7 /* KEOptionsHelper.m in Sources */ = {isa = PBXBuildFile; fileRef = 7BDC65FF1CAC7C14008430B7 /* KEOptionsHelper.m */; };
		7BDC66071CAC89BD008430B7 /* UIView+SSUIViewCategory.m in Sources */ = {isa = PBXBuildFile; fileRef = 7BDC66061CAC89BD008430B7 /* UIView+SSUIViewCategory.m */; };
		7BDC66081CAC89BD008430B7 /* UIView+SSUIViewCategory.m in Sources */ = {isa = PBXBuildFile; fileRef = 7BDC66061CAC89BD008430B7 /* UIView+SSUIViewCategory.m */; };
		7BF164C91CA9F945000FF240 /* SymbolsCollection.m in Sources */ = {isa = PBXBuildFile; fileRef = 7BF164C81CA9F945000FF240 /* SymbolsCollection.m */; };
		7BFBE27F1CB4F60600E2550C /* Localizable.strings in Resources */ = {isa = PBXBuildFile; fileRef = 7BFBE2821CB4F60600E2550C /* Localizable.strings */; };
		7BFBE2801CB4F60600E2550C /* Localizable.strings in Resources */ = {isa = PBXBuildFile; fileRef = 7BFBE2821CB4F60600E2550C /* Localizable.strings */; };
/* End PBXBuildFile section */

/* Begin PBXContainerItemProxy section */
		7BDC65F71CAB344E008430B7 /* PBXContainerItemProxy */ = {
			isa = PBXContainerItemProxy;
			containerPortal = 7B03D3AC1CA7201300E0468D /* Project object */;
			proxyType = 1;
			remoteGlobalIDString = 7BDC65EA1CAB344D008430B7;
			remoteInfo = EmoWidget;
		};
/* End PBXContainerItemProxy section */

/* Begin PBXCopyFilesBuildPhase section */
		7BDC65FD1CAB344E008430B7 /* Embed App Extensions */ = {
			isa = PBXCopyFilesBuildPhase;
			buildActionMask = 2147483647;
			dstPath = "";
			dstSubfolderSpec = 13;
			files = (
				7BDC65F91CAB344E008430B7 /* EmoWidget.appex in Embed App Extensions */,
			);
			name = "Embed App Extensions";
			runOnlyForDeploymentPostprocessing = 0;
		};
/* End PBXCopyFilesBuildPhase section */

/* Begin PBXFileReference section */
		7B03D3B41CA7201300E0468D /* KeylessEmo.app */ = {isa = PBXFileReference; explicitFileType = wrapper.application; includeInIndex = 0; path = KeylessEmo.app; sourceTree = BUILT_PRODUCTS_DIR; };
		7B03D3B81CA7201300E0468D /* main.m */ = {isa = PBXFileReference; lastKnownFileType = sourcecode.c.objc; path = main.m; sourceTree = "<group>"; };
		7B03D3BA1CA7201300E0468D /* AppDelegate.h */ = {isa = PBXFileReference; lastKnownFileType = sourcecode.c.h; path = AppDelegate.h; sourceTree = "<group>"; };
		7B03D3BB1CA7201300E0468D /* AppDelegate.m */ = {isa = PBXFileReference; lastKnownFileType = sourcecode.c.objc; path = AppDelegate.m; sourceTree = "<group>"; };
		7B03D3BD1CA7201300E0468D /* EmojiListVC.h */ = {isa = PBXFileReference; lastKnownFileType = sourcecode.c.h; path = EmojiListVC.h; sourceTree = "<group>"; };
		7B03D3BE1CA7201300E0468D /* EmojiListVC.m */ = {isa = PBXFileReference; lastKnownFileType = sourcecode.c.objc; path = EmojiListVC.m; sourceTree = "<group>"; };
		7B03D3C11CA7201300E0468D /* Base */ = {isa = PBXFileReference; lastKnownFileType = file.storyboard; name = Base; path = Base.lproj/Main.storyboard; sourceTree = "<group>"; };
		7B03D3C31CA7201300E0468D /* Assets.xcassets */ = {isa = PBXFileReference; lastKnownFileType = folder.assetcatalog; path = Assets.xcassets; sourceTree = "<group>"; };
		7B03D3C61CA7201300E0468D /* Base */ = {isa = PBXFileReference; lastKnownFileType = file.storyboard; name = Base; path = Base.lproj/LaunchScreen.storyboard; sourceTree = "<group>"; };
		7B03D3C81CA7201300E0468D /* Info.plist */ = {isa = PBXFileReference; lastKnownFileType = text.plist.xml; path = Info.plist; sourceTree = "<group>"; };
		7B03D3D21CA7552900E0468D /* OneSymbol.h */ = {isa = PBXFileReference; fileEncoding = 4; lastKnownFileType = sourcecode.c.h; path = OneSymbol.h; sourceTree = "<group>"; };
		7B03D3D31CA7552900E0468D /* OneSymbol.m */ = {isa = PBXFileReference; fileEncoding = 4; lastKnownFileType = sourcecode.c.objc; path = OneSymbol.m; sourceTree = "<group>"; };
		7B03D3D61CA8988400E0468D /* Fabric.framework */ = {isa = PBXFileReference; lastKnownFileType = wrapper.framework; path = Fabric.framework; sourceTree = "<group>"; };
		7B03D3D71CA8988400E0468D /* Crashlytics.framework */ = {isa = PBXFileReference; lastKnownFileType = wrapper.framework; path = Crashlytics.framework; sourceTree = "<group>"; };
		7B3A4CC01D8FF8B600DEA902 /* CollectionCellView.h */ = {isa = PBXFileReference; fileEncoding = 4; lastKnownFileType = sourcecode.c.h; path = CollectionCellView.h; sourceTree = "<group>"; };
		7B3A4CC11D8FF8B600DEA902 /* CollectionCellView.m */ = {isa = PBXFileReference; fileEncoding = 4; lastKnownFileType = sourcecode.c.objc; path = CollectionCellView.m; sourceTree = "<group>"; };
		7BDC65E41CAAAF88008430B7 /* SymbolCell.h */ = {isa = PBXFileReference; fileEncoding = 4; lastKnownFileType = sourcecode.c.h; path = SymbolCell.h; sourceTree = "<group>"; };
		7BDC65E51CAAAF88008430B7 /* SymbolCell.m */ = {isa = PBXFileReference; fileEncoding = 4; lastKnownFileType = sourcecode.c.objc; path = SymbolCell.m; sourceTree = "<group>"; };
		7BDC65EB1CAB344D008430B7 /* EmoWidget.appex */ = {isa = PBXFileReference; explicitFileType = "wrapper.app-extension"; includeInIndex = 0; path = EmoWidget.appex; sourceTree = BUILT_PRODUCTS_DIR; };
		7BDC65ED1CAB344E008430B7 /* NotificationCenter.framework */ = {isa = PBXFileReference; lastKnownFileType = wrapper.framework; name = NotificationCenter.framework; path = System/Library/Frameworks/NotificationCenter.framework; sourceTree = SDKROOT; };
		7BDC65F01CAB344E008430B7 /* TodayViewController.h */ = {isa = PBXFileReference; lastKnownFileType = sourcecode.c.h; path = TodayViewController.h; sourceTree = "<group>"; };
		7BDC65F11CAB344E008430B7 /* TodayViewController.m */ = {isa = PBXFileReference; lastKnownFileType = sourcecode.c.objc; path = TodayViewController.m; sourceTree = "<group>"; };
		7BDC65F41CAB344E008430B7 /* Base */ = {isa = PBXFileReference; lastKnownFileType = file.storyboard; name = Base; path = Base.lproj/MainInterface.storyboard; sourceTree = "<group>"; };
		7BDC65F61CAB344E008430B7 /* Info.plist */ = {isa = PBXFileReference; lastKnownFileType = text.plist.xml; path = Info.plist; sourceTree = "<group>"; };
		7BDC65FE1CAC7C14008430B7 /* KEOptionsHelper.h */ = {isa = PBXFileReference; fileEncoding = 4; lastKnownFileType = sourcecode.c.h; path = KEOptionsHelper.h; sourceTree = "<group>"; };
		7BDC65FF1CAC7C14008430B7 /* KEOptionsHelper.m */ = {isa = PBXFileReference; fileEncoding = 4; lastKnownFileType = sourcecode.c.objc; path = KEOptionsHelper.m; sourceTree = "<group>"; };
		7BDC66021CAC7C57008430B7 /* KEConstants.h */ = {isa = PBXFileReference; fileEncoding = 4; lastKnownFileType = sourcecode.c.h; path = KEConstants.h; sourceTree = "<group>"; };
		7BDC66031CAC7CC3008430B7 /* EmoWidget.entitlements */ = {isa = PBXFileReference; lastKnownFileType = text.xml; path = EmoWidget.entitlements; sourceTree = "<group>"; };
		7BDC66041CAC7EBB008430B7 /* KEPrefixHeader.pch */ = {isa = PBXFileReference; fileEncoding = 4; lastKnownFileType = sourcecode.c.h; path = KEPrefixHeader.pch; sourceTree = "<group>"; };
		7BDC66051CAC89BD008430B7 /* UIView+SSUIViewCategory.h */ = {isa = PBXFileReference; fileEncoding = 4; lastKnownFileType = sourcecode.c.h; path = "UIView+SSUIViewCategory.h"; sourceTree = "<group>"; };
		7BDC66061CAC89BD008430B7 /* UIView+SSUIViewCategory.m */ = {isa = PBXFileReference; fileEncoding = 4; lastKnownFileType = sourcecode.c.objc; path = "UIView+SSUIViewCategory.m"; sourceTree = "<group>"; };
		7BDC66091CAC8B1B008430B7 /* KeylessEmo.entitlements */ = {isa = PBXFileReference; lastKnownFileType = text.xml; path = KeylessEmo.entitlements; sourceTree = "<group>"; };
		7BF164C71CA9F945000FF240 /* SymbolsCollection.h */ = {isa = PBXFileReference; fileEncoding = 4; lastKnownFileType = sourcecode.c.h; path = SymbolsCollection.h; sourceTree = "<group>"; };
		7BF164C81CA9F945000FF240 /* SymbolsCollection.m */ = {isa = PBXFileReference; fileEncoding = 4; lastKnownFileType = sourcecode.c.objc; path = SymbolsCollection.m; sourceTree = "<group>"; };
		7BFBE2841CB4F63400E2550C /* en */ = {isa = PBXFileReference; lastKnownFileType = text.plist.strings; name = en; path = en.lproj/Localizable.strings; sourceTree = "<group>"; };
		7BFBE2851CB4F7AF00E2550C /* ru */ = {isa = PBXFileReference; lastKnownFileType = text.plist.strings; name = ru; path = ru.lproj/Localizable.strings; sourceTree = "<group>"; };
/* End PBXFileReference section */

/* Begin PBXFrameworksBuildPhase section */
		7B03D3B11CA7201300E0468D /* Frameworks */ = {
			isa = PBXFrameworksBuildPhase;
			buildActionMask = 2147483647;
			files = (
				7B03D3D91CA8988400E0468D /* Crashlytics.framework in Frameworks */,
				7B03D3D81CA8988400E0468D /* Fabric.framework in Frameworks */,
			);
			runOnlyForDeploymentPostprocessing = 0;
		};
		7BDC65E81CAB344D008430B7 /* Frameworks */ = {
			isa = PBXFrameworksBuildPhase;
			buildActionMask = 2147483647;
			files = (
				7BDC65EE1CAB344E008430B7 /* NotificationCenter.framework in Frameworks */,
			);
			runOnlyForDeploymentPostprocessing = 0;
		};
/* End PBXFrameworksBuildPhase section */

/* Begin PBXGroup section */
		7B03D3AB1CA7201300E0468D = {
			isa = PBXGroup;
			children = (
				7B03D3B61CA7201300E0468D /* KeylessEmo */,
				7BDC65EF1CAB344E008430B7 /* EmoWidget */,
				7BDC65EC1CAB344E008430B7 /* Frameworks */,
				7B03D3B51CA7201300E0468D /* Products */,
				7B03D3D61CA8988400E0468D /* Fabric.framework */,
				7B03D3D71CA8988400E0468D /* Crashlytics.framework */,
			);
			sourceTree = "<group>";
		};
		7B03D3B51CA7201300E0468D /* Products */ = {
			isa = PBXGroup;
			children = (
				7B03D3B41CA7201300E0468D /* KeylessEmo.app */,
				7BDC65EB1CAB344D008430B7 /* EmoWidget.appex */,
			);
			name = Products;
			sourceTree = "<group>";
		};
		7B03D3B61CA7201300E0468D /* KeylessEmo */ = {
			isa = PBXGroup;
			children = (
				7BDC66091CAC8B1B008430B7 /* KeylessEmo.entitlements */,
				7BDC66051CAC89BD008430B7 /* UIView+SSUIViewCategory.h */,
				7BDC66061CAC89BD008430B7 /* UIView+SSUIViewCategory.m */,
				7B03D3BA1CA7201300E0468D /* AppDelegate.h */,
				7B03D3BB1CA7201300E0468D /* AppDelegate.m */,
				7B03D3BD1CA7201300E0468D /* EmojiListVC.h */,
				7B03D3BE1CA7201300E0468D /* EmojiListVC.m */,
				7B3A4CC01D8FF8B600DEA902 /* CollectionCellView.h */,
				7B3A4CC11D8FF8B600DEA902 /* CollectionCellView.m */,
				7BDC65E41CAAAF88008430B7 /* SymbolCell.h */,
				7BDC65E51CAAAF88008430B7 /* SymbolCell.m */,
				7BF164C71CA9F945000FF240 /* SymbolsCollection.h */,
				7BF164C81CA9F945000FF240 /* SymbolsCollection.m */,
				7B03D3C01CA7201300E0468D /* Main.storyboard */,
				7B03D3C31CA7201300E0468D /* Assets.xcassets */,
				7B03D3C51CA7201300E0468D /* LaunchScreen.storyboard */,
				7B03D3C81CA7201300E0468D /* Info.plist */,
				7B03D3B71CA7201300E0468D /* Supporting Files */,
				7B03D3D21CA7552900E0468D /* OneSymbol.h */,
				7B03D3D31CA7552900E0468D /* OneSymbol.m */,
				7BDC65FE1CAC7C14008430B7 /* KEOptionsHelper.h */,
				7BDC65FF1CAC7C14008430B7 /* KEOptionsHelper.m */,
				7BDC66021CAC7C57008430B7 /* KEConstants.h */,
				7BDC66041CAC7EBB008430B7 /* KEPrefixHeader.pch */,
				7BFBE2821CB4F60600E2550C /* Localizable.strings */,
			);
			path = KeylessEmo;
			sourceTree = "<group>";
		};
		7B03D3B71CA7201300E0468D /* Supporting Files */ = {
			isa = PBXGroup;
			children = (
				7B03D3B81CA7201300E0468D /* main.m */,
			);
			name = "Supporting Files";
			sourceTree = "<group>";
		};
		7BDC65EC1CAB344E008430B7 /* Frameworks */ = {
			isa = PBXGroup;
			children = (
				7BDC65ED1CAB344E008430B7 /* NotificationCenter.framework */,
			);
			name = Frameworks;
			sourceTree = "<group>";
		};
		7BDC65EF1CAB344E008430B7 /* EmoWidget */ = {
			isa = PBXGroup;
			children = (
				7BDC66031CAC7CC3008430B7 /* EmoWidget.entitlements */,
				7BDC65F01CAB344E008430B7 /* TodayViewController.h */,
				7BDC65F11CAB344E008430B7 /* TodayViewController.m */,
				7BDC65F31CAB344E008430B7 /* MainInterface.storyboard */,
				7BDC65F61CAB344E008430B7 /* Info.plist */,
			);
			path = EmoWidget;
			sourceTree = "<group>";
		};
/* End PBXGroup section */

/* Begin PBXNativeTarget section */
		7B03D3B31CA7201300E0468D /* KeylessEmo */ = {
			isa = PBXNativeTarget;
			buildConfigurationList = 7B03D3CB1CA7201300E0468D /* Build configuration list for PBXNativeTarget "KeylessEmo" */;
			buildPhases = (
				7B03D3B01CA7201300E0468D /* Sources */,
				7B03D3B11CA7201300E0468D /* Frameworks */,
				7B03D3B21CA7201300E0468D /* Resources */,
				7B03D3D51CA8983F00E0468D /* ShellScript */,
				7BDC65FD1CAB344E008430B7 /* Embed App Extensions */,
			);
			buildRules = (
			);
			dependencies = (
				7BDC65F81CAB344E008430B7 /* PBXTargetDependency */,
			);
			name = KeylessEmo;
			productName = KeylessEmo;
			productReference = 7B03D3B41CA7201300E0468D /* KeylessEmo.app */;
			productType = "com.apple.product-type.application";
		};
		7BDC65EA1CAB344D008430B7 /* EmoWidget */ = {
			isa = PBXNativeTarget;
			buildConfigurationList = 7BDC65FA1CAB344E008430B7 /* Build configuration list for PBXNativeTarget "EmoWidget" */;
			buildPhases = (
				7BDC65E71CAB344D008430B7 /* Sources */,
				7BDC65E81CAB344D008430B7 /* Frameworks */,
				7BDC65E91CAB344D008430B7 /* Resources */,
			);
			buildRules = (
			);
			dependencies = (
			);
			name = EmoWidget;
			productName = EmoWidget;
			productReference = 7BDC65EB1CAB344D008430B7 /* EmoWidget.appex */;
			productType = "com.apple.product-type.app-extension";
		};
/* End PBXNativeTarget section */

/* Begin PBXProject section */
		7B03D3AC1CA7201300E0468D /* Project object */ = {
			isa = PBXProject;
			attributes = {
				LastUpgradeCheck = 0730;
				ORGANIZATIONNAME = SapiSoft;
				TargetAttributes = {
					7B03D3B31CA7201300E0468D = {
						CreatedOnToolsVersion = 7.3;
						DevelopmentTeam = AUP6MPX7R6;
						SystemCapabilities = {
							com.apple.ApplicationGroups.iOS = {
								enabled = 1;
							};
						};
					};
					7BDC65EA1CAB344D008430B7 = {
						CreatedOnToolsVersion = 7.3;
						DevelopmentTeam = AUP6MPX7R6;
						SystemCapabilities = {
							com.apple.ApplicationGroups.iOS = {
								enabled = 1;
							};
						};
					};
				};
			};
			buildConfigurationList = 7B03D3AF1CA7201300E0468D /* Build configuration list for PBXProject "KeylessEmo" */;
			compatibilityVersion = "Xcode 3.2";
			developmentRegion = English;
			hasScannedForEncodings = 0;
			knownRegions = (
				en,
				Base,
				ru,
			);
			mainGroup = 7B03D3AB1CA7201300E0468D;
			productRefGroup = 7B03D3B51CA7201300E0468D /* Products */;
			projectDirPath = "";
			projectRoot = "";
			targets = (
				7B03D3B31CA7201300E0468D /* KeylessEmo */,
				7BDC65EA1CAB344D008430B7 /* EmoWidget */,
			);
		};
/* End PBXProject section */

/* Begin PBXResourcesBuildPhase section */
		7B03D3B21CA7201300E0468D /* Resources */ = {
			isa = PBXResourcesBuildPhase;
			buildActionMask = 2147483647;
			files = (
				7B03D3C71CA7201300E0468D /* LaunchScreen.storyboard in Resources */,
				7BFBE27F1CB4F60600E2550C /* Localizable.strings in Resources */,
				7B03D3C41CA7201300E0468D /* Assets.xcassets in Resources */,
				7B03D3C21CA7201300E0468D /* Main.storyboard in Resources */,
			);
			runOnlyForDeploymentPostprocessing = 0;
		};
		7BDC65E91CAB344D008430B7 /* Resources */ = {
			isa = PBXResourcesBuildPhase;
			buildActionMask = 2147483647;
			files = (
				7BDC65F51CAB344E008430B7 /* MainInterface.storyboard in Resources */,
				7BFBE2801CB4F60600E2550C /* Localizable.strings in Resources */,
			);
			runOnlyForDeploymentPostprocessing = 0;
		};
/* End PBXResourcesBuildPhase section */

/* Begin PBXShellScriptBuildPhase section */
		7B03D3D51CA8983F00E0468D /* ShellScript */ = {
			isa = PBXShellScriptBuildPhase;
			buildActionMask = 2147483647;
			files = (
			);
			inputPaths = (
			);
			outputPaths = (
			);
			runOnlyForDeploymentPostprocessing = 0;
			shellPath = /bin/sh;
			shellScript = "./Fabric.framework/run 554ee819c527e61b838fa4f10f1acab1e7304b92 87196845778a2b350212654d91c8ffb3a199bbc785862a177d9fbaec1d8c4558";
		};
/* End PBXShellScriptBuildPhase section */

/* Begin PBXSourcesBuildPhase section */
		7B03D3B01CA7201300E0468D /* Sources */ = {
			isa = PBXSourcesBuildPhase;
			buildActionMask = 2147483647;
			files = (
				7B03D3BF1CA7201300E0468D /* EmojiListVC.m in Sources */,
				7BDC66001CAC7C14008430B7 /* KEOptionsHelper.m in Sources */,
				7B3A4CC21D8FF8B600DEA902 /* CollectionCellView.m in Sources */,
				7BF164C91CA9F945000FF240 /* SymbolsCollection.m in Sources */,
				7B03D3BC1CA7201300E0468D /* AppDelegate.m in Sources */,
				7B03D3D41CA7552900E0468D /* OneSymbol.m in Sources */,
				7BDC66071CAC89BD008430B7 /* UIView+SSUIViewCategory.m in Sources */,
				7B03D3B91CA7201300E0468D /* main.m in Sources */,
				7BDC65E61CAAAF88008430B7 /* SymbolCell.m in Sources */,
			);
			runOnlyForDeploymentPostprocessing = 0;
		};
		7BDC65E71CAB344D008430B7 /* Sources */ = {
			isa = PBXSourcesBuildPhase;
			buildActionMask = 2147483647;
			files = (
				7B4F87A61CACA48700DDA01F /* OneSymbol.m in Sources */,
				7BDC66011CAC7C14008430B7 /* KEOptionsHelper.m in Sources */,
				7BDC66081CAC89BD008430B7 /* UIView+SSUIViewCategory.m in Sources */,
				7BDC65F21CAB344E008430B7 /* TodayViewController.m in Sources */,
			);
			runOnlyForDeploymentPostprocessing = 0;
		};
/* End PBXSourcesBuildPhase section */

/* Begin PBXTargetDependency section */
		7BDC65F81CAB344E008430B7 /* PBXTargetDependency */ = {
			isa = PBXTargetDependency;
			target = 7BDC65EA1CAB344D008430B7 /* EmoWidget */;
			targetProxy = 7BDC65F71CAB344E008430B7 /* PBXContainerItemProxy */;
		};
/* End PBXTargetDependency section */

/* Begin PBXVariantGroup section */
		7B03D3C01CA7201300E0468D /* Main.storyboard */ = {
			isa = PBXVariantGroup;
			children = (
				7B03D3C11CA7201300E0468D /* Base */,
			);
			name = Main.storyboard;
			sourceTree = "<group>";
		};
		7B03D3C51CA7201300E0468D /* LaunchScreen.storyboard */ = {
			isa = PBXVariantGroup;
			children = (
				7B03D3C61CA7201300E0468D /* Base */,
			);
			name = LaunchScreen.storyboard;
			sourceTree = "<group>";
		};
		7BDC65F31CAB344E008430B7 /* MainInterface.storyboard */ = {
			isa = PBXVariantGroup;
			children = (
				7BDC65F41CAB344E008430B7 /* Base */,
			);
			name = MainInterface.storyboard;
			sourceTree = "<group>";
		};
		7BFBE2821CB4F60600E2550C /* Localizable.strings */ = {
			isa = PBXVariantGroup;
			children = (
				7BFBE2841CB4F63400E2550C /* en */,
				7BFBE2851CB4F7AF00E2550C /* ru */,
			);
			name = Localizable.strings;
			sourceTree = "<group>";
		};
/* End PBXVariantGroup section */

/* Begin XCBuildConfiguration section */
		7B03D3C91CA7201300E0468D /* Debug */ = {
			isa = XCBuildConfiguration;
			buildSettings = {
				ALWAYS_SEARCH_USER_PATHS = NO;
				CLANG_ANALYZER_NONNULL = YES;
				CLANG_CXX_LANGUAGE_STANDARD = "gnu++0x";
				CLANG_CXX_LIBRARY = "libc++";
				CLANG_ENABLE_MODULES = YES;
				CLANG_ENABLE_OBJC_ARC = YES;
				CLANG_WARN_BOOL_CONVERSION = YES;
				CLANG_WARN_CONSTANT_CONVERSION = YES;
				CLANG_WARN_DIRECT_OBJC_ISA_USAGE = YES_ERROR;
				CLANG_WARN_EMPTY_BODY = YES;
				CLANG_WARN_ENUM_CONVERSION = YES;
				CLANG_WARN_INT_CONVERSION = YES;
				CLANG_WARN_OBJC_ROOT_CLASS = YES_ERROR;
				CLANG_WARN_UNREACHABLE_CODE = YES;
				CLANG_WARN__DUPLICATE_METHOD_MATCH = YES;
				"CODE_SIGN_IDENTITY[sdk=iphoneos*]" = "iPhone Developer";
				COPY_PHASE_STRIP = NO;
				DEBUG_INFORMATION_FORMAT = dwarf;
				ENABLE_STRICT_OBJC_MSGSEND = YES;
				ENABLE_TESTABILITY = YES;
				GCC_C_LANGUAGE_STANDARD = gnu99;
				GCC_DYNAMIC_NO_PIC = NO;
				GCC_NO_COMMON_BLOCKS = YES;
				GCC_OPTIMIZATION_LEVEL = 0;
				GCC_PREPROCESSOR_DEFINITIONS = (
					"DEBUG=1",
					"$(inherited)",
				);
				GCC_WARN_64_TO_32_BIT_CONVERSION = YES;
				GCC_WARN_ABOUT_RETURN_TYPE = YES_ERROR;
				GCC_WARN_UNDECLARED_SELECTOR = YES;
				GCC_WARN_UNINITIALIZED_AUTOS = YES_AGGRESSIVE;
				GCC_WARN_UNUSED_FUNCTION = YES;
				GCC_WARN_UNUSED_VARIABLE = YES;
				IPHONEOS_DEPLOYMENT_TARGET = 9.3;
				MTL_ENABLE_DEBUG_INFO = YES;
				ONLY_ACTIVE_ARCH = YES;
				SDKROOT = iphoneos;
			};
			name = Debug;
		};
		7B03D3CA1CA7201300E0468D /* Release */ = {
			isa = XCBuildConfiguration;
			buildSettings = {
				ALWAYS_SEARCH_USER_PATHS = NO;
				CLANG_ANALYZER_NONNULL = YES;
				CLANG_CXX_LANGUAGE_STANDARD = "gnu++0x";
				CLANG_CXX_LIBRARY = "libc++";
				CLANG_ENABLE_MODULES = YES;
				CLANG_ENABLE_OBJC_ARC = YES;
				CLANG_WARN_BOOL_CONVERSION = YES;
				CLANG_WARN_CONSTANT_CONVERSION = YES;
				CLANG_WARN_DIRECT_OBJC_ISA_USAGE = YES_ERROR;
				CLANG_WARN_EMPTY_BODY = YES;
				CLANG_WARN_ENUM_CONVERSION = YES;
				CLANG_WARN_INT_CONVERSION = YES;
				CLANG_WARN_OBJC_ROOT_CLASS = YES_ERROR;
				CLANG_WARN_UNREACHABLE_CODE = YES;
				CLANG_WARN__DUPLICATE_METHOD_MATCH = YES;
				"CODE_SIGN_IDENTITY[sdk=iphoneos*]" = "iPhone Developer";
				COPY_PHASE_STRIP = NO;
				DEBUG_INFORMATION_FORMAT = "dwarf-with-dsym";
				ENABLE_NS_ASSERTIONS = NO;
				ENABLE_STRICT_OBJC_MSGSEND = YES;
				GCC_C_LANGUAGE_STANDARD = gnu99;
				GCC_NO_COMMON_BLOCKS = YES;
				GCC_WARN_64_TO_32_BIT_CONVERSION = YES;
				GCC_WARN_ABOUT_RETURN_TYPE = YES_ERROR;
				GCC_WARN_UNDECLARED_SELECTOR = YES;
				GCC_WARN_UNINITIALIZED_AUTOS = YES_AGGRESSIVE;
				GCC_WARN_UNUSED_FUNCTION = YES;
				GCC_WARN_UNUSED_VARIABLE = YES;
				IPHONEOS_DEPLOYMENT_TARGET = 9.3;
				MTL_ENABLE_DEBUG_INFO = NO;
				SDKROOT = iphoneos;
				VALIDATE_PRODUCT = YES;
			};
			name = Release;
		};
		7B03D3CC1CA7201300E0468D /* Debug */ = {
			isa = XCBuildConfiguration;
			buildSettings = {
				ASSETCATALOG_COMPILER_APPICON_NAME = AppIcon;
				CODE_SIGN_ENTITLEMENTS = KeylessEmo/KeylessEmo.entitlements;
				CODE_SIGN_IDENTITY = "iPhone Developer";
				FRAMEWORK_SEARCH_PATHS = (
					"$(inherited)",
					"$(PROJECT_DIR)",
				);
				INFOPLIST_FILE = KeylessEmo/Info.plist;
				LD_RUNPATH_SEARCH_PATHS = "$(inherited) @executable_path/Frameworks";
				PRODUCT_BUNDLE_IDENTIFIER = com.sapisoft.KeylessEmo;
				PRODUCT_NAME = "$(TARGET_NAME)";
			};
			name = Debug;
		};
		7B03D3CD1CA7201300E0468D /* Release */ = {
			isa = XCBuildConfiguration;
			buildSettings = {
				ASSETCATALOG_COMPILER_APPICON_NAME = AppIcon;
				CODE_SIGN_ENTITLEMENTS = KeylessEmo/KeylessEmo.entitlements;
				CODE_SIGN_IDENTITY = "iPhone Developer";
				FRAMEWORK_SEARCH_PATHS = (
					"$(inherited)",
					"$(PROJECT_DIR)",
				);
				INFOPLIST_FILE = KeylessEmo/Info.plist;
				LD_RUNPATH_SEARCH_PATHS = "$(inherited) @executable_path/Frameworks";
				PRODUCT_BUNDLE_IDENTIFIER = com.sapisoft.KeylessEmo;
				PRODUCT_NAME = "$(TARGET_NAME)";
			};
			name = Release;
		};
		7BDC65FB1CAB344E008430B7 /* Debug */ = {
			isa = XCBuildConfiguration;
			buildSettings = {
				CODE_SIGN_ENTITLEMENTS = EmoWidget/EmoWidget.entitlements;
				CODE_SIGN_IDENTITY = "iPhone Developer";
				INFOPLIST_FILE = EmoWidget/Info.plist;
				LD_RUNPATH_SEARCH_PATHS = "$(inherited) @executable_path/Frameworks @executable_path/../../Frameworks";
				PRODUCT_BUNDLE_IDENTIFIER = com.sapisoft.KeylessEmo.EmoWidget;
				PRODUCT_NAME = "$(TARGET_NAME)";
				SKIP_INSTALL = YES;
			};
			name = Debug;
		};
		7BDC65FC1CAB344E008430B7 /* Release */ = {
			isa = XCBuildConfiguration;
			buildSettings = {
				CODE_SIGN_ENTITLEMENTS = EmoWidget/EmoWidget.entitlements;
				CODE_SIGN_IDENTITY = "iPhone Developer";
				INFOPLIST_FILE = EmoWidget/Info.plist;
				LD_RUNPATH_SEARCH_PATHS = "$(inherited) @executable_path/Frameworks @executable_path/../../Frameworks";
				PRODUCT_BUNDLE_IDENTIFIER = com.sapisoft.KeylessEmo.EmoWidget;
				PRODUCT_NAME = "$(TARGET_NAME)";
				SKIP_INSTALL = YES;
			};
			name = Release;
		};
/* End XCBuildConfiguration section */

/* Begin XCConfigurationList section */
		7B03D3AF1CA7201300E0468D /* Build configuration list for PBXProject "KeylessEmo" */ = {
			isa = XCConfigurationList;
			buildConfigurations = (
				7B03D3C91CA7201300E0468D /* Debug */,
				7B03D3CA1CA7201300E0468D /* Release */,
			);
			defaultConfigurationIsVisible = 0;
			defaultConfigurationName = Release;
		};
		7B03D3CB1CA7201300E0468D /* Build configuration list for PBXNativeTarget "KeylessEmo" */ = {
			isa = XCConfigurationList;
			buildConfigurations = (
				7B03D3CC1CA7201300E0468D /* Debug */,
				7B03D3CD1CA7201300E0468D /* Release */,
			);
			defaultConfigurationIsVisible = 0;
			defaultConfigurationName = Release;
		};
		7BDC65FA1CAB344E008430B7 /* Build configuration list for PBXNativeTarget "EmoWidget" */ = {
			isa = XCConfigurationList;
			buildConfigurations = (
				7BDC65FB1CAB344E008430B7 /* Debug */,
				7BDC65FC1CAB344E008430B7 /* Release */,
			);
			defaultConfigurationIsVisible = 0;
			defaultConfigurationName = Release;
		};
/* End XCConfigurationList section */
	};
	rootObject = 7B03D3AC1CA7201300E0468D /* Project object */;
}
